
Microsoft Visual Studio Solution File, Format Version 12.00
# Visual Studio 15
VisualStudioVersion = 15.0.27428.2005
MinimumVisualStudioVersion = 10.0.40219.1
Project("{FAE04EC0-301F-11D3-BF4B-00C04F79EFBC}") = "LojaVirtual.Web", "LojaVirtual.Web\LojaVirtual.Web.csproj", "{888195AB-1F4E-44AD-B412-666685C8E34A}"
EndProject
Project("{FAE04EC0-301F-11D3-BF4B-00C04F79EFBC}") = "LojaVirtual.UnitTest", "LojaVirtual.UnitTest\LojaVirtual.UnitTest.csproj", "{A82A2B3E-9642-411C-9B83-AD4FE0B44CD9}"
EndProject
Project("{FAE04EC0-301F-11D3-BF4B-00C04F79EFBC}") = "LojaVirtual.Dominio", "LojaVirtual.Dominio\LojaVirtual.Dominio.csproj", "{78233A33-6F45-4208-93D2-EFDFC42B4F06}"
EndProject
Global
	GlobalSection(SolutionConfigurationPlatforms) = preSolution
		Debug|Any CPU = Debug|Any CPU
		Release|Any CPU = Release|Any CPU
	EndGlobalSection
	GlobalSection(ProjectConfigurationPlatforms) = postSolution
		{888195AB-1F4E-44AD-B412-666685C8E34A}.Debug|Any CPU.ActiveCfg = Debug|Any CPU
		{888195AB-1F4E-44AD-B412-666685C8E34A}.Debug|Any CPU.Build.0 = Debug|Any CPU
		{888195AB-1F4E-44AD-B412-666685C8E34A}.Release|Any CPU.ActiveCfg = Release|Any CPU
		{888195AB-1F4E-44AD-B412-666685C8E34A}.Release|Any CPU.Build.0 = Release|Any CPU
		{A82A2B3E-9642-411C-9B83-AD4FE0B44CD9}.Debug|Any CPU.ActiveCfg = Debug|Any CPU
		{A82A2B3E-9642-411C-9B83-AD4FE0B44CD9}.Debug|Any CPU.Build.0 = Debug|Any CPU
		{A82A2B3E-9642-411C-9B83-AD4FE0B44CD9}.Release|Any CPU.ActiveCfg = Release|Any CPU
		{A82A2B3E-9642-411C-9B83-AD4FE0B44CD9}.Release|Any CPU.Build.0 = Release|Any CPU
		{78233A33-6F45-4208-93D2-EFDFC42B4F06}.Debug|Any CPU.ActiveCfg = Debug|Any CPU
		{78233A33-6F45-4208-93D2-EFDFC42B4F06}.Debug|Any CPU.Build.0 = Debug|Any CPU
		{78233A33-6F45-4208-93D2-EFDFC42B4F06}.Release|Any CPU.ActiveCfg = Release|Any CPU
		{78233A33-6F45-4208-93D2-EFDFC42B4F06}.Release|Any CPU.Build.0 = Release|Any CPU
	EndGlobalSection
	GlobalSection(SolutionProperties) = preSolution
		HideSolutionNode = FALSE
	EndGlobalSection
	GlobalSection(ExtensibilityGlobals) = postSolution
		SolutionGuid = {20F8BC9B-1C10-4E48-A2CE-225220BAF6CC}
	EndGlobalSection
EndGlobal
